// !$*UTF8*$!
{
	archiveVersion = 1;
	classes = {
	};
	objectVersion = 56;
	objects = {

/* Begin PBXBuildFile section */
		8E14DC772E609F3900BB5117 /* LynzApp.swift in Sources */ = {isa = PBXBuildFile; fileRef = 8E14DC762E609F3900BB5117 /* LynzApp.swift */; };
		8E14DC792E609F3900BB5117 /* MainView.swift in Sources */ = {isa = PBXBuildFile; fileRef = 8E14DC782E609F3900BB5117 /* MainView.swift */; };
		8E14DC7B2E609F3B00BB5117 /* Assets.xcassets in Resources */ = {isa = PBXBuildFile; fileRef = 8E14DC7A2E609F3B00BB5117 /* Assets.xcassets */; };
		8E14DC7E2E609F3B00BB5117 /* Preview Assets.xcassets in Resources */ = {isa = PBXBuildFile; fileRef = 8E14DC7D2E609F3B00BB5117 /* Preview Assets.xcassets */; };
		8E14DC852E609F6700BB5117 /* ViewStateProtocol.swift in Sources */ = {isa = PBXBuildFile; fileRef = 8E14DC842E609F6700BB5117 /* ViewStateProtocol.swift */; };
		8E14DC872E609F6D00BB5117 /* ViewStore.swift in Sources */ = {isa = PBXBuildFile; fileRef = 8E14DC862E609F6D00BB5117 /* ViewStore.swift */; };
		8E14DC8B2E60A07100BB5117 /* Effect.swift in Sources */ = {isa = PBXBuildFile; fileRef = 8E14DC8A2E60A07100BB5117 /* Effect.swift */; };
		8E14DC8D2E60A27300BB5117 /* Padding.swift in Sources */ = {isa = PBXBuildFile; fileRef = 8E14DC8C2E60A27300BB5117 /* Padding.swift */; };
		8E14DC902E60A30C00BB5117 /* Colors.xcassets in Resources */ = {isa = PBXBuildFile; fileRef = 8E14DC8F2E60A30C00BB5117 /* Colors.xcassets */; };
		8E14DC932E60A94F00BB5117 /* LynzFonts.swift in Sources */ = {isa = PBXBuildFile; fileRef = 8E14DC922E60A94F00BB5117 /* LynzFonts.swift */; };
		8E14DC952E60AAE700BB5117 /* TabBarView.swift in Sources */ = {isa = PBXBuildFile; fileRef = 8E14DC942E60AAE700BB5117 /* TabBarView.swift */; };
		8E2C096E2E60AE3A00DBC90C /* AllowTrackingView.swift in Sources */ = {isa = PBXBuildFile; fileRef = 8E2C096D2E60AE3A00DBC90C /* AllowTrackingView.swift */; };
		8E2C09712E60B1A400DBC90C /* LayeredCircleView.swift in Sources */ = {isa = PBXBuildFile; fileRef = 8E2C09702E60B1A400DBC90C /* LayeredCircleView.swift */; };
		8E2C09732E60C66D00DBC90C /* Images.xcassets in Resources */ = {isa = PBXBuildFile; fileRef = 8E2C09722E60C66D00DBC90C /* Images.xcassets */; };
		8E2C09752E60DFFD00DBC90C /* MainButtonView.swift in Sources */ = {isa = PBXBuildFile; fileRef = 8E2C09742E60DFFD00DBC90C /* MainButtonView.swift */; };
		8E39338B2E6224E3003FDE0A /* Coordinator.swift in Sources */ = {isa = PBXBuildFile; fileRef = 8E39338A2E6224E3003FDE0A /* Coordinator.swift */; };
		8E39338E2E622E67003FDE0A /* ReadSize.swift in Sources */ = {isa = PBXBuildFile; fileRef = 8E39338D2E622E67003FDE0A /* ReadSize.swift */; };
		8E3933902E622F44003FDE0A /* DependencyStore.swift in Sources */ = {isa = PBXBuildFile; fileRef = 8E39338F2E622F44003FDE0A /* DependencyStore.swift */; };
		8E3933932E622F74003FDE0A /* ATTService.swift in Sources */ = {isa = PBXBuildFile; fileRef = 8E3933922E622F74003FDE0A /* ATTService.swift */; };
		8E3933952E623104003FDE0A /* Executor.swift in Sources */ = {isa = PBXBuildFile; fileRef = 8E3933942E623104003FDE0A /* Executor.swift */; };
		8E3933972E623CEC003FDE0A /* MessagesView.swift in Sources */ = {isa = PBXBuildFile; fileRef = 8E3933962E623CEC003FDE0A /* MessagesView.swift */; };
		8E7860222E644912000C7CB5 /* RoleView.swift in Sources */ = {isa = PBXBuildFile; fileRef = 8E7860212E644912000C7CB5 /* RoleView.swift */; };
		8E7860242E64807F000C7CB5 /* NavigationBarExtensions.swift in Sources */ = {isa = PBXBuildFile; fileRef = 8E7860232E64807F000C7CB5 /* NavigationBarExtensions.swift */; };
		8E7860262E648592000C7CB5 /* EventRoleDescription.swift in Sources */ = {isa = PBXBuildFile; fileRef = 8E7860252E648592000C7CB5 /* EventRoleDescription.swift */; };
		8E7860282E648BC1000C7CB5 /* ShootPlanView.swift in Sources */ = {isa = PBXBuildFile; fileRef = 8E7860272E648BC1000C7CB5 /* ShootPlanView.swift */; };
		8E78602D2E648F45000C7CB5 /* Role.swift in Sources */ = {isa = PBXBuildFile; fileRef = 8E78602C2E648F45000C7CB5 /* Role.swift */; };
		8E7860302E649115000C7CB5 /* RolePresentation.swift in Sources */ = {isa = PBXBuildFile; fileRef = 8E78602F2E649115000C7CB5 /* RolePresentation.swift */; };
		8EC5685B2E63076500414ADD /* Lottie in Frameworks */ = {isa = PBXBuildFile; productRef = 8EC5685A2E63076500414ADD /* Lottie */; };
		8EC5685D2E6307D200414ADD /* LottieView.swift in Sources */ = {isa = PBXBuildFile; fileRef = 8EC5685C2E6307D200414ADD /* LottieView.swift */; };
		8EC5685F2E630A0500414ADD /* loading.json in Resources */ = {isa = PBXBuildFile; fileRef = 8EC5685E2E630A0500414ADD /* loading.json */; };
		8EC568612E630CAA00414ADD /* AppState.swift in Sources */ = {isa = PBXBuildFile; fileRef = 8EC568602E630CAA00414ADD /* AppState.swift */; };
		8EC568632E630CDD00414ADD /* LoaderView.swift in Sources */ = {isa = PBXBuildFile; fileRef = 8EC568622E630CDD00414ADD /* LoaderView.swift */; };
		8EC568652E63268100414ADD /* LoaderModifier.swift in Sources */ = {isa = PBXBuildFile; fileRef = 8EC568642E63268100414ADD /* LoaderModifier.swift */; };
		8EC568672E63302B00414ADD /* TransparentBackground.swift in Sources */ = {isa = PBXBuildFile; fileRef = 8EC568662E63302B00414ADD /* TransparentBackground.swift */; };
		8EC568692E634ED200414ADD /* DatePickerView.swift in Sources */ = {isa = PBXBuildFile; fileRef = 8EC568682E634ED200414ADD /* DatePickerView.swift */; };
		8EC5686C2E63596300414ADD /* DateExtensions.swift in Sources */ = {isa = PBXBuildFile; fileRef = 8EC5686B2E63596300414ADD /* DateExtensions.swift */; };
		8EC568702E637F1500414ADD /* CalendarView.swift in Sources */ = {isa = PBXBuildFile; fileRef = 8EC5686F2E637F1500414ADD /* CalendarView.swift */; };
		8EC568722E6383F800414ADD /* ScreenHeaderView.swift in Sources */ = {isa = PBXBuildFile; fileRef = 8EC568712E6383F800414ADD /* ScreenHeaderView.swift */; };
/* End PBXBuildFile section */

/* Begin PBXFileReference section */
		8E14DC732E609F3900BB5117 /* Lynz.app */ = {isa = PBXFileReference; explicitFileType = wrapper.application; includeInIndex = 0; path = Lynz.app; sourceTree = BUILT_PRODUCTS_DIR; };
		8E14DC762E609F3900BB5117 /* LynzApp.swift */ = {isa = PBXFileReference; lastKnownFileType = sourcecode.swift; path = LynzApp.swift; sourceTree = "<group>"; };
		8E14DC782E609F3900BB5117 /* MainView.swift */ = {isa = PBXFileReference; lastKnownFileType = sourcecode.swift; path = MainView.swift; sourceTree = "<group>"; };
		8E14DC7A2E609F3B00BB5117 /* Assets.xcassets */ = {isa = PBXFileReference; lastKnownFileType = folder.assetcatalog; path = Assets.xcassets; sourceTree = "<group>"; };
		8E14DC7D2E609F3B00BB5117 /* Preview Assets.xcassets */ = {isa = PBXFileReference; lastKnownFileType = folder.assetcatalog; path = "Preview Assets.xcassets"; sourceTree = "<group>"; };
		8E14DC842E609F6700BB5117 /* ViewStateProtocol.swift */ = {isa = PBXFileReference; fileEncoding = 4; lastKnownFileType = sourcecode.swift; path = ViewStateProtocol.swift; sourceTree = "<group>"; };
		8E14DC862E609F6D00BB5117 /* ViewStore.swift */ = {isa = PBXFileReference; fileEncoding = 4; lastKnownFileType = sourcecode.swift; path = ViewStore.swift; sourceTree = "<group>"; };
		8E14DC8A2E60A07100BB5117 /* Effect.swift */ = {isa = PBXFileReference; lastKnownFileType = sourcecode.swift; path = Effect.swift; sourceTree = "<group>"; };
		8E14DC8C2E60A27300BB5117 /* Padding.swift */ = {isa = PBXFileReference; fileEncoding = 4; lastKnownFileType = sourcecode.swift; path = Padding.swift; sourceTree = "<group>"; };
		8E14DC8F2E60A30C00BB5117 /* Colors.xcassets */ = {isa = PBXFileReference; lastKnownFileType = folder.assetcatalog; path = Colors.xcassets; sourceTree = "<group>"; };
		8E14DC922E60A94F00BB5117 /* LynzFonts.swift */ = {isa = PBXFileReference; fileEncoding = 4; lastKnownFileType = sourcecode.swift; path = LynzFonts.swift; sourceTree = "<group>"; };
		8E14DC942E60AAE700BB5117 /* TabBarView.swift */ = {isa = PBXFileReference; lastKnownFileType = sourcecode.swift; path = TabBarView.swift; sourceTree = "<group>"; };
		8E2C096D2E60AE3A00DBC90C /* AllowTrackingView.swift */ = {isa = PBXFileReference; lastKnownFileType = sourcecode.swift; path = AllowTrackingView.swift; sourceTree = "<group>"; };
		8E2C09702E60B1A400DBC90C /* LayeredCircleView.swift */ = {isa = PBXFileReference; fileEncoding = 4; lastKnownFileType = sourcecode.swift; path = LayeredCircleView.swift; sourceTree = "<group>"; };
		8E2C09722E60C66D00DBC90C /* Images.xcassets */ = {isa = PBXFileReference; lastKnownFileType = folder.assetcatalog; path = Images.xcassets; sourceTree = "<group>"; };
		8E2C09742E60DFFD00DBC90C /* MainButtonView.swift */ = {isa = PBXFileReference; fileEncoding = 4; lastKnownFileType = sourcecode.swift; path = MainButtonView.swift; sourceTree = "<group>"; };
		8E39338A2E6224E3003FDE0A /* Coordinator.swift */ = {isa = PBXFileReference; lastKnownFileType = sourcecode.swift; path = Coordinator.swift; sourceTree = "<group>"; };
		8E39338D2E622E67003FDE0A /* ReadSize.swift */ = {isa = PBXFileReference; lastKnownFileType = sourcecode.swift; path = ReadSize.swift; sourceTree = "<group>"; };
		8E39338F2E622F44003FDE0A /* DependencyStore.swift */ = {isa = PBXFileReference; lastKnownFileType = sourcecode.swift; path = DependencyStore.swift; sourceTree = "<group>"; };
		8E3933922E622F74003FDE0A /* ATTService.swift */ = {isa = PBXFileReference; lastKnownFileType = sourcecode.swift; path = ATTService.swift; sourceTree = "<group>"; };
		8E3933942E623104003FDE0A /* Executor.swift */ = {isa = PBXFileReference; lastKnownFileType = sourcecode.swift; path = Executor.swift; sourceTree = "<group>"; };
		8E3933962E623CEC003FDE0A /* MessagesView.swift */ = {isa = PBXFileReference; lastKnownFileType = sourcecode.swift; path = MessagesView.swift; sourceTree = "<group>"; };
		8E7860212E644912000C7CB5 /* RoleView.swift */ = {isa = PBXFileReference; lastKnownFileType = sourcecode.swift; path = RoleView.swift; sourceTree = "<group>"; };
		8E7860232E64807F000C7CB5 /* NavigationBarExtensions.swift */ = {isa = PBXFileReference; lastKnownFileType = sourcecode.swift; path = NavigationBarExtensions.swift; sourceTree = "<group>"; };
		8E7860252E648592000C7CB5 /* EventRoleDescription.swift */ = {isa = PBXFileReference; lastKnownFileType = sourcecode.swift; path = EventRoleDescription.swift; sourceTree = "<group>"; };
		8E7860272E648BC1000C7CB5 /* ShootPlanView.swift */ = {isa = PBXFileReference; lastKnownFileType = sourcecode.swift; path = ShootPlanView.swift; sourceTree = "<group>"; };
		8E78602C2E648F45000C7CB5 /* Role.swift */ = {isa = PBXFileReference; fileEncoding = 4; lastKnownFileType = sourcecode.swift; path = Role.swift; sourceTree = "<group>"; };
		8E78602F2E649115000C7CB5 /* RolePresentation.swift */ = {isa = PBXFileReference; fileEncoding = 4; lastKnownFileType = sourcecode.swift; path = RolePresentation.swift; sourceTree = "<group>"; };
		8EC5685C2E6307D200414ADD /* LottieView.swift */ = {isa = PBXFileReference; lastKnownFileType = sourcecode.swift; path = LottieView.swift; sourceTree = "<group>"; };
		8EC5685E2E630A0500414ADD /* loading.json */ = {isa = PBXFileReference; fileEncoding = 4; lastKnownFileType = text.json; path = loading.json; sourceTree = "<group>"; };
		8EC568602E630CAA00414ADD /* AppState.swift */ = {isa = PBXFileReference; lastKnownFileType = sourcecode.swift; path = AppState.swift; sourceTree = "<group>"; };
		8EC568622E630CDD00414ADD /* LoaderView.swift */ = {isa = PBXFileReference; lastKnownFileType = sourcecode.swift; path = LoaderView.swift; sourceTree = "<group>"; };
		8EC568642E63268100414ADD /* LoaderModifier.swift */ = {isa = PBXFileReference; fileEncoding = 4; lastKnownFileType = sourcecode.swift; path = LoaderModifier.swift; sourceTree = "<group>"; };
		8EC568662E63302B00414ADD /* TransparentBackground.swift */ = {isa = PBXFileReference; lastKnownFileType = sourcecode.swift; path = TransparentBackground.swift; sourceTree = "<group>"; };
		8EC568682E634ED200414ADD /* DatePickerView.swift */ = {isa = PBXFileReference; lastKnownFileType = sourcecode.swift; path = DatePickerView.swift; sourceTree = "<group>"; };
		8EC5686B2E63596300414ADD /* DateExtensions.swift */ = {isa = PBXFileReference; lastKnownFileType = sourcecode.swift; path = DateExtensions.swift; sourceTree = "<group>"; };
		8EC5686F2E637F1500414ADD /* CalendarView.swift */ = {isa = PBXFileReference; lastKnownFileType = sourcecode.swift; path = CalendarView.swift; sourceTree = "<group>"; };
		8EC568712E6383F800414ADD /* ScreenHeaderView.swift */ = {isa = PBXFileReference; fileEncoding = 4; lastKnownFileType = sourcecode.swift; path = ScreenHeaderView.swift; sourceTree = "<group>"; };
/* End PBXFileReference section */

/* Begin PBXFrameworksBuildPhase section */
		8E14DC702E609F3900BB5117 /* Frameworks */ = {
			isa = PBXFrameworksBuildPhase;
			buildActionMask = 2147483647;
			files = (
				8EC5685B2E63076500414ADD /* Lottie in Frameworks */,
			);
			runOnlyForDeploymentPostprocessing = 0;
		};
/* End PBXFrameworksBuildPhase section */

/* Begin PBXGroup section */
		8E14DC6A2E609F3900BB5117 = {
			isa = PBXGroup;
			children = (
				8E14DC752E609F3900BB5117 /* Lynz */,
				8E14DC742E609F3900BB5117 /* Products */,
			);
			sourceTree = "<group>";
		};
		8E14DC742E609F3900BB5117 /* Products */ = {
			isa = PBXGroup;
			children = (
				8E14DC732E609F3900BB5117 /* Lynz.app */,
			);
			name = Products;
			sourceTree = "<group>";
		};
		8E14DC752E609F3900BB5117 /* Lynz */ = {
			isa = PBXGroup;
			children = (
				8E78602E2E648F59000C7CB5 /* Models */,
				8E14DC912E60A62600BB5117 /* App */,
				8E14DC892E609FE100BB5117 /* Core */,
				8E2C096C2E60AE1500DBC90C /* Screens */,
				8E3933912E622F61003FDE0A /* Services */,
				8E2C096F2E60B12000DBC90C /* ViewComponents */,
				8E14DC8C2E60A27300BB5117 /* Padding.swift */,
				8E39338C2E622E00003FDE0A /* ViewModifiers */,
				8EC5686A2E63594E00414ADD /* Extensions */,
				8E14DC8E2E60A2F900BB5117 /* Resources */,
				8E14DC7C2E609F3B00BB5117 /* Preview Content */,
			);
			path = Lynz;
			sourceTree = "<group>";
		};
		8E14DC7C2E609F3B00BB5117 /* Preview Content */ = {
			isa = PBXGroup;
			children = (
				8E14DC7D2E609F3B00BB5117 /* Preview Assets.xcassets */,
			);
			path = "Preview Content";
			sourceTree = "<group>";
		};
		8E14DC892E609FE100BB5117 /* Core */ = {
			isa = PBXGroup;
			children = (
				8E39338A2E6224E3003FDE0A /* Coordinator.swift */,
				8E14DC842E609F6700BB5117 /* ViewStateProtocol.swift */,
				8E14DC862E609F6D00BB5117 /* ViewStore.swift */,
				8E14DC8A2E60A07100BB5117 /* Effect.swift */,
				8E39338F2E622F44003FDE0A /* DependencyStore.swift */,
				8E3933942E623104003FDE0A /* Executor.swift */,
			);
			path = Core;
			sourceTree = "<group>";
		};
		8E14DC8E2E60A2F900BB5117 /* Resources */ = {
			isa = PBXGroup;
			children = (
				8EC5685E2E630A0500414ADD /* loading.json */,
				8E14DC922E60A94F00BB5117 /* LynzFonts.swift */,
				8E14DC7A2E609F3B00BB5117 /* Assets.xcassets */,
				8E2C09722E60C66D00DBC90C /* Images.xcassets */,
				8E14DC8F2E60A30C00BB5117 /* Colors.xcassets */,
			);
			path = Resources;
			sourceTree = "<group>";
		};
		8E14DC912E60A62600BB5117 /* App */ = {
			isa = PBXGroup;
			children = (
				8E14DC762E609F3900BB5117 /* LynzApp.swift */,
				8E14DC782E609F3900BB5117 /* MainView.swift */,
				8E14DC942E60AAE700BB5117 /* TabBarView.swift */,
				8EC568602E630CAA00414ADD /* AppState.swift */,
			);
			path = App;
			sourceTree = "<group>";
		};
		8E2C096C2E60AE1500DBC90C /* Screens */ = {
			isa = PBXGroup;
			children = (
				8E2C096D2E60AE3A00DBC90C /* AllowTrackingView.swift */,
				8E3933962E623CEC003FDE0A /* MessagesView.swift */,
				8EC5686F2E637F1500414ADD /* CalendarView.swift */,
				8E7860212E644912000C7CB5 /* RoleView.swift */,
				8E7860272E648BC1000C7CB5 /* ShootPlanView.swift */,
			);
			path = Screens;
			sourceTree = "<group>";
		};
		8E2C096F2E60B12000DBC90C /* ViewComponents */ = {
			isa = PBXGroup;
			children = (
				8EC568712E6383F800414ADD /* ScreenHeaderView.swift */,
				8EC568682E634ED200414ADD /* DatePickerView.swift */,
				8E2C09742E60DFFD00DBC90C /* MainButtonView.swift */,
				8E2C09702E60B1A400DBC90C /* LayeredCircleView.swift */,
				8EC5685C2E6307D200414ADD /* LottieView.swift */,
				8EC568622E630CDD00414ADD /* LoaderView.swift */,
				8E7860252E648592000C7CB5 /* EventRoleDescription.swift */,
			);
			path = ViewComponents;
			sourceTree = "<group>";
		};
		8E39338C2E622E00003FDE0A /* ViewModifiers */ = {
			isa = PBXGroup;
			children = (
				8EC568642E63268100414ADD /* LoaderModifier.swift */,
				8E39338D2E622E67003FDE0A /* ReadSize.swift */,
				8EC568662E63302B00414ADD /* TransparentBackground.swift */,
			);
			path = ViewModifiers;
			sourceTree = "<group>";
		};
		8E3933912E622F61003FDE0A /* Services */ = {
			isa = PBXGroup;
			children = (
				8E3933922E622F74003FDE0A /* ATTService.swift */,
			);
			path = Services;
			sourceTree = "<group>";
		};
		8E78602E2E648F59000C7CB5 /* Models */ = {
			isa = PBXGroup;
			children = (
				8E78602F2E649115000C7CB5 /* RolePresentation.swift */,
				8E78602C2E648F45000C7CB5 /* Role.swift */,
			);
			path = Models;
			sourceTree = "<group>";
		};
		8EC5686A2E63594E00414ADD /* Extensions */ = {
			isa = PBXGroup;
			children = (
				8EC5686B2E63596300414ADD /* DateExtensions.swift */,
				8E7860232E64807F000C7CB5 /* NavigationBarExtensions.swift */,
			);
			path = Extensions;
			sourceTree = "<group>";
		};
/* End PBXGroup section */

/* Begin PBXNativeTarget section */
		8E14DC722E609F3900BB5117 /* Lynz */ = {
			isa = PBXNativeTarget;
			buildConfigurationList = 8E14DC812E609F3B00BB5117 /* Build configuration list for PBXNativeTarget "Lynz" */;
			buildPhases = (
				8E14DC6F2E609F3900BB5117 /* Sources */,
				8E14DC702E609F3900BB5117 /* Frameworks */,
				8E14DC712E609F3900BB5117 /* Resources */,
			);
			buildRules = (
			);
			dependencies = (
			);
			name = Lynz;
			packageProductDependencies = (
				8EC5685A2E63076500414ADD /* Lottie */,
			);
			productName = Lynz;
			productReference = 8E14DC732E609F3900BB5117 /* Lynz.app */;
			productType = "com.apple.product-type.application";
		};
/* End PBXNativeTarget section */

/* Begin PBXProject section */
		8E14DC6B2E609F3900BB5117 /* Project object */ = {
			isa = PBXProject;
			attributes = {
				BuildIndependentTargetsInParallel = 1;
				LastSwiftUpdateCheck = 1520;
				LastUpgradeCheck = 1520;
				TargetAttributes = {
					8E14DC722E609F3900BB5117 = {
						CreatedOnToolsVersion = 15.2;
					};
				};
			};
			buildConfigurationList = 8E14DC6E2E609F3900BB5117 /* Build configuration list for PBXProject "Lynz" */;
			compatibilityVersion = "Xcode 14.0";
			developmentRegion = en;
			hasScannedForEncodings = 0;
			knownRegions = (
				en,
				Base,
			);
			mainGroup = 8E14DC6A2E609F3900BB5117;
			packageReferences = (
				8EC568592E63076400414ADD /* XCRemoteSwiftPackageReference "lottie-spm" */,
			);
			productRefGroup = 8E14DC742E609F3900BB5117 /* Products */;
			projectDirPath = "";
			projectRoot = "";
			targets = (
				8E14DC722E609F3900BB5117 /* Lynz */,
			);
		};
/* End PBXProject section */

/* Begin PBXResourcesBuildPhase section */
		8E14DC712E609F3900BB5117 /* Resources */ = {
			isa = PBXResourcesBuildPhase;
			buildActionMask = 2147483647;
			files = (
				8E14DC902E60A30C00BB5117 /* Colors.xcassets in Resources */,
				8E2C09732E60C66D00DBC90C /* Images.xcassets in Resources */,
				8E14DC7E2E609F3B00BB5117 /* Preview Assets.xcassets in Resources */,
				8E14DC7B2E609F3B00BB5117 /* Assets.xcassets in Resources */,
				8EC5685F2E630A0500414ADD /* loading.json in Resources */,
			);
			runOnlyForDeploymentPostprocessing = 0;
		};
/* End PBXResourcesBuildPhase section */

/* Begin PBXSourcesBuildPhase section */
		8E14DC6F2E609F3900BB5117 /* Sources */ = {
			isa = PBXSourcesBuildPhase;
			buildActionMask = 2147483647;
			files = (
				8E14DC8B2E60A07100BB5117 /* Effect.swift in Sources */,
				8E3933932E622F74003FDE0A /* ATTService.swift in Sources */,
				8EC568692E634ED200414ADD /* DatePickerView.swift in Sources */,
				8EC568612E630CAA00414ADD /* AppState.swift in Sources */,
				8E3933972E623CEC003FDE0A /* MessagesView.swift in Sources */,
				8E7860282E648BC1000C7CB5 /* ShootPlanView.swift in Sources */,
				8EC568702E637F1500414ADD /* CalendarView.swift in Sources */,
				8EC5686C2E63596300414ADD /* DateExtensions.swift in Sources */,
				8E2C09712E60B1A400DBC90C /* LayeredCircleView.swift in Sources */,
				8E7860262E648592000C7CB5 /* EventRoleDescription.swift in Sources */,
				8EC568652E63268100414ADD /* LoaderModifier.swift in Sources */,
				8E3933902E622F44003FDE0A /* DependencyStore.swift in Sources */,
				8E2C09752E60DFFD00DBC90C /* MainButtonView.swift in Sources */,
				8E7860242E64807F000C7CB5 /* NavigationBarExtensions.swift in Sources */,
				8E14DC852E609F6700BB5117 /* ViewStateProtocol.swift in Sources */,
				8E14DC952E60AAE700BB5117 /* TabBarView.swift in Sources */,
				8E14DC792E609F3900BB5117 /* MainView.swift in Sources */,
				8E3933952E623104003FDE0A /* Executor.swift in Sources */,
				8E14DC872E609F6D00BB5117 /* ViewStore.swift in Sources */,
				8EC5685D2E6307D200414ADD /* LottieView.swift in Sources */,
				8E14DC932E60A94F00BB5117 /* LynzFonts.swift in Sources */,
				8E39338B2E6224E3003FDE0A /* Coordinator.swift in Sources */,
				8EC568672E63302B00414ADD /* TransparentBackground.swift in Sources */,
				8E14DC772E609F3900BB5117 /* LynzApp.swift in Sources */,
				8E14DC8D2E60A27300BB5117 /* Padding.swift in Sources */,
				8E78602D2E648F45000C7CB5 /* Role.swift in Sources */,
				8EC568632E630CDD00414ADD /* LoaderView.swift in Sources */,
				8EC568722E6383F800414ADD /* ScreenHeaderView.swift in Sources */,
				8E2C096E2E60AE3A00DBC90C /* AllowTrackingView.swift in Sources */,
				8E39338E2E622E67003FDE0A /* ReadSize.swift in Sources */,
				8E7860222E644912000C7CB5 /* RoleView.swift in Sources */,
				8E7860302E649115000C7CB5 /* RolePresentation.swift in Sources */,
			);
			runOnlyForDeploymentPostprocessing = 0;
		};
/* End PBXSourcesBuildPhase section */

/* Begin XCBuildConfiguration section */
		8E14DC7F2E609F3B00BB5117 /* Debug */ = {
			isa = XCBuildConfiguration;
			buildSettings = {
				ALWAYS_SEARCH_USER_PATHS = NO;
				ASSETCATALOG_COMPILER_GENERATE_SWIFT_ASSET_SYMBOL_EXTENSIONS = YES;
				CLANG_ANALYZER_NONNULL = YES;
				CLANG_ANALYZER_NUMBER_OBJECT_CONVERSION = YES_AGGRESSIVE;
				CLANG_CXX_LANGUAGE_STANDARD = "gnu++20";
				CLANG_ENABLE_MODULES = YES;
				CLANG_ENABLE_OBJC_ARC = YES;
				CLANG_ENABLE_OBJC_WEAK = YES;
				CLANG_WARN_BLOCK_CAPTURE_AUTORELEASING = YES;
				CLANG_WARN_BOOL_CONVERSION = YES;
				CLANG_WARN_COMMA = YES;
				CLANG_WARN_CONSTANT_CONVERSION = YES;
				CLANG_WARN_DEPRECATED_OBJC_IMPLEMENTATIONS = YES;
				CLANG_WARN_DIRECT_OBJC_ISA_USAGE = YES_ERROR;
				CLANG_WARN_DOCUMENTATION_COMMENTS = YES;
				CLANG_WARN_EMPTY_BODY = YES;
				CLANG_WARN_ENUM_CONVERSION = YES;
				CLANG_WARN_INFINITE_RECURSION = YES;
				CLANG_WARN_INT_CONVERSION = YES;
				CLANG_WARN_NON_LITERAL_NULL_CONVERSION = YES;
				CLANG_WARN_OBJC_IMPLICIT_RETAIN_SELF = YES;
				CLANG_WARN_OBJC_LITERAL_CONVERSION = YES;
				CLANG_WARN_OBJC_ROOT_CLASS = YES_ERROR;
				CLANG_WARN_QUOTED_INCLUDE_IN_FRAMEWORK_HEADER = YES;
				CLANG_WARN_RANGE_LOOP_ANALYSIS = YES;
				CLANG_WARN_STRICT_PROTOTYPES = YES;
				CLANG_WARN_SUSPICIOUS_MOVE = YES;
				CLANG_WARN_UNGUARDED_AVAILABILITY = YES_AGGRESSIVE;
				CLANG_WARN_UNREACHABLE_CODE = YES;
				CLANG_WARN__DUPLICATE_METHOD_MATCH = YES;
				COPY_PHASE_STRIP = NO;
				DEBUG_INFORMATION_FORMAT = dwarf;
				ENABLE_STRICT_OBJC_MSGSEND = YES;
				ENABLE_TESTABILITY = YES;
				ENABLE_USER_SCRIPT_SANDBOXING = YES;
				GCC_C_LANGUAGE_STANDARD = gnu17;
				GCC_DYNAMIC_NO_PIC = NO;
				GCC_NO_COMMON_BLOCKS = YES;
				GCC_OPTIMIZATION_LEVEL = 0;
				GCC_PREPROCESSOR_DEFINITIONS = (
					"DEBUG=1",
					"$(inherited)",
				);
				GCC_WARN_64_TO_32_BIT_CONVERSION = YES;
				GCC_WARN_ABOUT_RETURN_TYPE = YES_ERROR;
				GCC_WARN_UNDECLARED_SELECTOR = YES;
				GCC_WARN_UNINITIALIZED_AUTOS = YES_AGGRESSIVE;
				GCC_WARN_UNUSED_FUNCTION = YES;
				GCC_WARN_UNUSED_VARIABLE = YES;
				IPHONEOS_DEPLOYMENT_TARGET = 16.0;
				LOCALIZATION_PREFERS_STRING_CATALOGS = YES;
				MTL_ENABLE_DEBUG_INFO = INCLUDE_SOURCE;
				MTL_FAST_MATH = YES;
				ONLY_ACTIVE_ARCH = YES;
				SDKROOT = iphoneos;
				SWIFT_ACTIVE_COMPILATION_CONDITIONS = "DEBUG $(inherited)";
				SWIFT_OPTIMIZATION_LEVEL = "-Onone";
			};
			name = Debug;
		};
		8E14DC802E609F3B00BB5117 /* Release */ = {
			isa = XCBuildConfiguration;
			buildSettings = {
				ALWAYS_SEARCH_USER_PATHS = NO;
				ASSETCATALOG_COMPILER_GENERATE_SWIFT_ASSET_SYMBOL_EXTENSIONS = YES;
				CLANG_ANALYZER_NONNULL = YES;
				CLANG_ANALYZER_NUMBER_OBJECT_CONVERSION = YES_AGGRESSIVE;
				CLANG_CXX_LANGUAGE_STANDARD = "gnu++20";
				CLANG_ENABLE_MODULES = YES;
				CLANG_ENABLE_OBJC_ARC = YES;
				CLANG_ENABLE_OBJC_WEAK = YES;
				CLANG_WARN_BLOCK_CAPTURE_AUTORELEASING = YES;
				CLANG_WARN_BOOL_CONVERSION = YES;
				CLANG_WARN_COMMA = YES;
				CLANG_WARN_CONSTANT_CONVERSION = YES;
				CLANG_WARN_DEPRECATED_OBJC_IMPLEMENTATIONS = YES;
				CLANG_WARN_DIRECT_OBJC_ISA_USAGE = YES_ERROR;
				CLANG_WARN_DOCUMENTATION_COMMENTS = YES;
				CLANG_WARN_EMPTY_BODY = YES;
				CLANG_WARN_ENUM_CONVERSION = YES;
				CLANG_WARN_INFINITE_RECURSION = YES;
				CLANG_WARN_INT_CONVERSION = YES;
				CLANG_WARN_NON_LITERAL_NULL_CONVERSION = YES;
				CLANG_WARN_OBJC_IMPLICIT_RETAIN_SELF = YES;
				CLANG_WARN_OBJC_LITERAL_CONVERSION = YES;
				CLANG_WARN_OBJC_ROOT_CLASS = YES_ERROR;
				CLANG_WARN_QUOTED_INCLUDE_IN_FRAMEWORK_HEADER = YES;
				CLANG_WARN_RANGE_LOOP_ANALYSIS = YES;
				CLANG_WARN_STRICT_PROTOTYPES = YES;
				CLANG_WARN_SUSPICIOUS_MOVE = YES;
				CLANG_WARN_UNGUARDED_AVAILABILITY = YES_AGGRESSIVE;
				CLANG_WARN_UNREACHABLE_CODE = YES;
				CLANG_WARN__DUPLICATE_METHOD_MATCH = YES;
				COPY_PHASE_STRIP = NO;
				DEBUG_INFORMATION_FORMAT = "dwarf-with-dsym";
				ENABLE_NS_ASSERTIONS = NO;
				ENABLE_STRICT_OBJC_MSGSEND = YES;
				ENABLE_USER_SCRIPT_SANDBOXING = YES;
				GCC_C_LANGUAGE_STANDARD = gnu17;
				GCC_NO_COMMON_BLOCKS = YES;
				GCC_WARN_64_TO_32_BIT_CONVERSION = YES;
				GCC_WARN_ABOUT_RETURN_TYPE = YES_ERROR;
				GCC_WARN_UNDECLARED_SELECTOR = YES;
				GCC_WARN_UNINITIALIZED_AUTOS = YES_AGGRESSIVE;
				GCC_WARN_UNUSED_FUNCTION = YES;
				GCC_WARN_UNUSED_VARIABLE = YES;
				IPHONEOS_DEPLOYMENT_TARGET = 16.0;
				LOCALIZATION_PREFERS_STRING_CATALOGS = YES;
				MTL_ENABLE_DEBUG_INFO = NO;
				MTL_FAST_MATH = YES;
				SDKROOT = iphoneos;
				SWIFT_COMPILATION_MODE = wholemodule;
				VALIDATE_PRODUCT = YES;
			};
			name = Release;
		};
		8E14DC822E609F3B00BB5117 /* Debug */ = {
			isa = XCBuildConfiguration;
			buildSettings = {
				ASSETCATALOG_COMPILER_APPICON_NAME = AppIcon;
				ASSETCATALOG_COMPILER_GLOBAL_ACCENT_COLOR_NAME = lzAccent;
				CODE_SIGN_STYLE = Automatic;
				CURRENT_PROJECT_VERSION = 1;
				DEVELOPMENT_ASSET_PATHS = "\"Lynz/Preview Content\"";
				DEVELOPMENT_TEAM = 6TVC5Q5R78;
				ENABLE_PREVIEWS = YES;
				GENERATE_INFOPLIST_FILE = NO;
				INFOPLIST_FILE = Lynz/Info.plist;
				INFOPLIST_KEY_UIApplicationSceneManifest_Generation = YES;
				INFOPLIST_KEY_UIApplicationSupportsIndirectInputEvents = YES;
				INFOPLIST_KEY_UILaunchScreen_Generation = YES;
				INFOPLIST_KEY_UISupportedInterfaceOrientations_iPad = "UIInterfaceOrientationPortrait UIInterfaceOrientationPortraitUpsideDown UIInterfaceOrientationLandscapeLeft UIInterfaceOrientationLandscapeRight";
				INFOPLIST_KEY_UISupportedInterfaceOrientations_iPhone = "UIInterfaceOrientationPortrait UIInterfaceOrientationLandscapeLeft UIInterfaceOrientationLandscapeRight";
				IPHONEOS_DEPLOYMENT_TARGET = 16.0;
				LD_RUNPATH_SEARCH_PATHS = (
					"$(inherited)",
					"@executable_path/Frameworks",
				);
				MARKETING_VERSION = 1.0;
				PRODUCT_BUNDLE_IDENTIFIER = com.arthurkulik.app.Lynz;
				PRODUCT_NAME = "$(TARGET_NAME)";
				SWIFT_EMIT_LOC_STRINGS = YES;
				SWIFT_VERSION = 5.0;
				TARGETED_DEVICE_FAMILY = "1,2";
			};
			name = Debug;
		};
		8E14DC832E609F3B00BB5117 /* Release */ = {
			isa = XCBuildConfiguration;
			buildSettings = {
				ASSETCATALOG_COMPILER_APPICON_NAME = AppIcon;
				ASSETCATALOG_COMPILER_GLOBAL_ACCENT_COLOR_NAME = lzAccent;
				CODE_SIGN_STYLE = Automatic;
				CURRENT_PROJECT_VERSION = 1;
				DEVELOPMENT_ASSET_PATHS = "\"Lynz/Preview Content\"";
				DEVELOPMENT_TEAM = 6TVC5Q5R78;
				ENABLE_PREVIEWS = YES;
				GENERATE_INFOPLIST_FILE = NO;
				INFOPLIST_FILE = Lynz/Info.plist;
				INFOPLIST_KEY_UIApplicationSceneManifest_Generation = YES;
				INFOPLIST_KEY_UIApplicationSupportsIndirectInputEvents = YES;
				INFOPLIST_KEY_UILaunchScreen_Generation = YES;
				INFOPLIST_KEY_UISupportedInterfaceOrientations_iPad = "UIInterfaceOrientationPortrait UIInterfaceOrientationPortraitUpsideDown UIInterfaceOrientationLandscapeLeft UIInterfaceOrientationLandscapeRight";
				INFOPLIST_KEY_UISupportedInterfaceOrientations_iPhone = "UIInterfaceOrientationPortrait UIInterfaceOrientationLandscapeLeft UIInterfaceOrientationLandscapeRight";
				IPHONEOS_DEPLOYMENT_TARGET = 16.0;
				LD_RUNPATH_SEARCH_PATHS = (
					"$(inherited)",
					"@executable_path/Frameworks",
				);
				MARKETING_VERSION = 1.0;
				PRODUCT_BUNDLE_IDENTIFIER = com.arthurkulik.app.Lynz;
				PRODUCT_NAME = "$(TARGET_NAME)";
				SWIFT_EMIT_LOC_STRINGS = YES;
				SWIFT_VERSION = 5.0;
				TARGETED_DEVICE_FAMILY = "1,2";
			};
			name = Release;
		};
/* End XCBuildConfiguration section */

/* Begin XCConfigurationList section */
		8E14DC6E2E609F3900BB5117 /* Build configuration list for PBXProject "Lynz" */ = {
			isa = XCConfigurationList;
			buildConfigurations = (
				8E14DC7F2E609F3B00BB5117 /* Debug */,
				8E14DC802E609F3B00BB5117 /* Release */,
			);
			defaultConfigurationIsVisible = 0;
			defaultConfigurationName = Release;
		};
		8E14DC812E609F3B00BB5117 /* Build configuration list for PBXNativeTarget "Lynz" */ = {
			isa = XCConfigurationList;
			buildConfigurations = (
				8E14DC822E609F3B00BB5117 /* Debug */,
				8E14DC832E609F3B00BB5117 /* Release */,
			);
			defaultConfigurationIsVisible = 0;
			defaultConfigurationName = Release;
		};
/* End XCConfigurationList section */

/* Begin XCRemoteSwiftPackageReference section */
		8EC568592E63076400414ADD /* XCRemoteSwiftPackageReference "lottie-spm" */ = {
			isa = XCRemoteSwiftPackageReference;
			repositoryURL = "https://github.com/airbnb/lottie-spm.git";
			requirement = {
				kind = upToNextMajorVersion;
				minimumVersion = 4.5.2;
			};
		};
/* End XCRemoteSwiftPackageReference section */

/* Begin XCSwiftPackageProductDependency section */
		8EC5685A2E63076500414ADD /* Lottie */ = {
			isa = XCSwiftPackageProductDependency;
			package = 8EC568592E63076400414ADD /* XCRemoteSwiftPackageReference "lottie-spm" */;
			productName = Lottie;
		};
/* End XCSwiftPackageProductDependency section */
	};
	rootObject = 8E14DC6B2E609F3900BB5117 /* Project object */;
}
